
Microsoft Visual Studio Solution File, Format Version 12.00
# Visual Studio Version 17
VisualStudioVersion = 17.13.35825.156 d17.13
MinimumVisualStudioVersion = 10.0.40219.1
Project("{FAE04EC0-301F-11D3-BF4B-00C04F79EFBC}") = "EventPlus", "EventPlus.csproj", "{7BAF2597-8891-4155-9A31-906FE4F4FEEA}"
EndProject
Global
	GlobalSection(SolutionConfigurationPlatforms) = preSolution
		Debug|Any CPU = Debug|Any CPU
		Release|Any CPU = Release|Any CPU
	EndGlobalSection
	GlobalSection(ProjectConfigurationPlatforms) = postSolution
		{7BAF2597-8891-4155-9A31-906FE4F4FEEA}.Debug|Any CPU.ActiveCfg = Debug|Any CPU
		{7BAF2597-8891-4155-9A31-906FE4F4FEEA}.Debug|Any CPU.Build.0 = Debug|Any CPU
		{7BAF2597-8891-4155-9A31-906FE4F4FEEA}.Release|Any CPU.ActiveCfg = Release|Any CPU
		{7BAF2597-8891-4155-9A31-906FE4F4FEEA}.Release|Any CPU.Build.0 = Release|Any CPU
	EndGlobalSection
	GlobalSection(SolutionProperties) = preSolution
		HideSolutionNode = FALSE
	EndGlobalSection
	GlobalSection(ExtensibilityGlobals) = postSolution
		SolutionGuid = {CF266BDA-1314-477E-9EA5-8FE6CD6A080A}
	EndGlobalSection
EndGlobal
